
Microsoft Visual Studio Solution File, Format Version 12.00
# Visual Studio Version 16
VisualStudioVersion = 16.0.31515.178
MinimumVisualStudioVersion = 10.0.40219.1
Project("{888888A0-9F3D-457C-B088-3A5042F75D52}") = "CIS261 ProjectPhase1", "CIS261 ProjectPhase1.pyproj", "{998994C7-7A37-4598-B3BB-7B89BBFF886E}"
EndProject
Global
	GlobalSection(SolutionConfigurationPlatforms) = preSolution
		Debug|Any CPU = Debug|Any CPU
		Release|Any CPU = Release|Any CPU
	EndGlobalSection
	GlobalSection(ProjectConfigurationPlatforms) = postSolution
		{998994C7-7A37-4598-B3BB-7B89BBFF886E}.Debug|Any CPU.ActiveCfg = Debug|Any CPU
		{998994C7-7A37-4598-B3BB-7B89BBFF886E}.Release|Any CPU.ActiveCfg = Release|Any CPU
	EndGlobalSection
	GlobalSection(SolutionProperties) = preSolution
		HideSolutionNode = FALSE
	EndGlobalSection
	GlobalSection(ExtensibilityGlobals) = postSolution
		SolutionGuid = {327808FF-9ED8-4ED8-94E9-C0838D8F993F}
	EndGlobalSection
EndGlobal
